
Microsoft Visual Studio Solution File, Format Version 12.00
# Visual Studio Version 17
VisualStudioVersion = 17.4.33110.190
MinimumVisualStudioVersion = 10.0.40219.1
Project("{FAE04EC0-301F-11D3-BF4B-00C04F79EFBC}") = "Databeest", "Databeest\Databeest.csproj", "{0D9F35B1-C886-4714-A4D5-81F251ED5939}"
EndProject
Global
	GlobalSection(SolutionConfigurationPlatforms) = preSolution
		Debug|Any CPU = Debug|Any CPU
		Release|Any CPU = Release|Any CPU
	EndGlobalSection
	GlobalSection(ProjectConfigurationPlatforms) = postSolution
		{0D9F35B1-C886-4714-A4D5-81F251ED5939}.Debug|Any CPU.ActiveCfg = Debug|Any CPU
		{0D9F35B1-C886-4714-A4D5-81F251ED5939}.Debug|Any CPU.Build.0 = Debug|Any CPU
		{0D9F35B1-C886-4714-A4D5-81F251ED5939}.Release|Any CPU.ActiveCfg = Release|Any CPU
		{0D9F35B1-C886-4714-A4D5-81F251ED5939}.Release|Any CPU.Build.0 = Release|Any CPU
	EndGlobalSection
	GlobalSection(SolutionProperties) = preSolution
		HideSolutionNode = FALSE
	EndGlobalSection
	GlobalSection(ExtensibilityGlobals) = postSolution
		SolutionGuid = {5C9590FC-36E0-42CA-9E39-E1C1EB93B9D2}
	EndGlobalSection
EndGlobal
